
Microsoft Visual Studio Solution File, Format Version 12.00
# Visual Studio Version 16
VisualStudioVersion = 16.0.30804.86
MinimumVisualStudioVersion = 10.0.40219.1
Project("{FAE04EC0-301F-11D3-BF4B-00C04F79EFBC}") = "KiteDataHelper.Web", "KiteDataHelper.Web\KiteDataHelper.Web.csproj", "{1491C085-4749-4AD6-8BBB-BCF924C65344}"
EndProject
Project("{FAE04EC0-301F-11D3-BF4B-00C04F79EFBC}") = "Common", "Common\Common.csproj", "{51B16569-8065-40B4-B773-5EFCF3E1F0F5}"
EndProject
Project("{FAE04EC0-301F-11D3-BF4B-00C04F79EFBC}") = "DataAccess", "DataAccess\DataAccess.csproj", "{EE35FBFF-DF5A-4EA2-805E-461AE9CA0179}"
EndProject
Project("{FAE04EC0-301F-11D3-BF4B-00C04F79EFBC}") = "Service", "Service\Service.csproj", "{4DD59F67-5952-42D0-A7FE-B3B93E43F952}"
EndProject
Project("{FAE04EC0-301F-11D3-BF4B-00C04F79EFBC}") = "Models", "Models\Models.csproj", "{1DB76BCB-362B-4186-ACCE-DEFD7F827DAF}"
EndProject
Global
	GlobalSection(SolutionConfigurationPlatforms) = preSolution
		Debug|Any CPU = Debug|Any CPU
		Release|Any CPU = Release|Any CPU
	EndGlobalSection
	GlobalSection(ProjectConfigurationPlatforms) = postSolution
		{1491C085-4749-4AD6-8BBB-BCF924C65344}.Debug|Any CPU.ActiveCfg = Debug|Any CPU
		{1491C085-4749-4AD6-8BBB-BCF924C65344}.Debug|Any CPU.Build.0 = Debug|Any CPU
		{1491C085-4749-4AD6-8BBB-BCF924C65344}.Release|Any CPU.ActiveCfg = Release|Any CPU
		{1491C085-4749-4AD6-8BBB-BCF924C65344}.Release|Any CPU.Build.0 = Release|Any CPU
		{51B16569-8065-40B4-B773-5EFCF3E1F0F5}.Debug|Any CPU.ActiveCfg = Debug|Any CPU
		{51B16569-8065-40B4-B773-5EFCF3E1F0F5}.Debug|Any CPU.Build.0 = Debug|Any CPU
		{51B16569-8065-40B4-B773-5EFCF3E1F0F5}.Release|Any CPU.ActiveCfg = Release|Any CPU
		{51B16569-8065-40B4-B773-5EFCF3E1F0F5}.Release|Any CPU.Build.0 = Release|Any CPU
		{EE35FBFF-DF5A-4EA2-805E-461AE9CA0179}.Debug|Any CPU.ActiveCfg = Debug|Any CPU
		{EE35FBFF-DF5A-4EA2-805E-461AE9CA0179}.Debug|Any CPU.Build.0 = Debug|Any CPU
		{EE35FBFF-DF5A-4EA2-805E-461AE9CA0179}.Release|Any CPU.ActiveCfg = Release|Any CPU
		{EE35FBFF-DF5A-4EA2-805E-461AE9CA0179}.Release|Any CPU.Build.0 = Release|Any CPU
		{4DD59F67-5952-42D0-A7FE-B3B93E43F952}.Debug|Any CPU.ActiveCfg = Debug|Any CPU
		{4DD59F67-5952-42D0-A7FE-B3B93E43F952}.Debug|Any CPU.Build.0 = Debug|Any CPU
		{4DD59F67-5952-42D0-A7FE-B3B93E43F952}.Release|Any CPU.ActiveCfg = Release|Any CPU
		{4DD59F67-5952-42D0-A7FE-B3B93E43F952}.Release|Any CPU.Build.0 = Release|Any CPU
		{1DB76BCB-362B-4186-ACCE-DEFD7F827DAF}.Debug|Any CPU.ActiveCfg = Debug|Any CPU
		{1DB76BCB-362B-4186-ACCE-DEFD7F827DAF}.Debug|Any CPU.Build.0 = Debug|Any CPU
		{1DB76BCB-362B-4186-ACCE-DEFD7F827DAF}.Release|Any CPU.ActiveCfg = Release|Any CPU
		{1DB76BCB-362B-4186-ACCE-DEFD7F827DAF}.Release|Any CPU.Build.0 = Release|Any CPU
	EndGlobalSection
	GlobalSection(SolutionProperties) = preSolution
		HideSolutionNode = FALSE
	EndGlobalSection
	GlobalSection(ExtensibilityGlobals) = postSolution
		SolutionGuid = {D8431A9B-1BC1-4858-9F4F-2C7246670308}
	EndGlobalSection
EndGlobal
